{
  "nodes": {
    "home-manager": {
      "inputs": {
        "nixpkgs": [
          "nixpkgs"
        ]
      },
      "locked": {
        "lastModified": 1706981411,
        "narHash": "sha256-cLbLPTL1CDmETVh4p0nQtvoF+FSEjsnJTFpTxhXywhQ=",
        "owner": "nix-community",
        "repo": "home-manager",
        "rev": "652fda4ca6dafeb090943422c34ae9145787af37",
        "type": "github"
      },
      "original": {
        "owner": "nix-community",
        "ref": "release-23.11",
        "repo": "home-manager",
        "type": "github"
      }
    },
    "home-manager-unstable": {
      "inputs": {
        "nixpkgs": [
          "nixpkgs-unstable"
        ]
      },
      "locked": {
        "lastModified": 1707672157,
        "narHash": "sha256-dzfGf+R+ECFKe4rw42vUn5mV0hMSGQRVJlhjRHs3cvM=",
        "owner": "nix-community",
        "repo": "home-manager",
        "rev": "a09cfdbaf11c821340cff24d9ad1c264708ee12e",
        "type": "github"
      },
      "original": {
        "owner": "nix-community",
        "ref": "master",
        "repo": "home-manager",
        "type": "github"
      }
    },
    "nixpkgs": {
      "locked": {
        "lastModified": 1707514827,
        "narHash": "sha256-Y+wqFkvikpE1epCx57PsGw+M1hX5aY5q/xgk+ebDwxI=",
        "owner": "nixos",
        "repo": "nixpkgs",
        "rev": "20f65b86b6485decb43c5498780c223571dd56ef",
        "type": "github"
      },
      "original": {
        "owner": "nixos",
        "ref": "nixos-23.11",
        "repo": "nixpkgs",
        "type": "github"
      }
    },
    "nixpkgs-unstable": {
      "locked": {
        "lastModified": 1707588924,
        "narHash": "sha256-0e1ce6X5ghapv6cAF9rxLZKeNyFHHXsLbGxN2cQQE8U=",
        "owner": "nixos",
        "repo": "nixpkgs",
        "rev": "10b813040df67c4039086db0f6eaf65c536886c6",
        "type": "github"
      },
      "original": {
        "owner": "nixos",
        "ref": "nixpkgs-unstable",
        "repo": "nixpkgs",
        "type": "github"
      }
    },
    "root": {
      "inputs": {
        "home-manager": "home-manager",
        "home-manager-unstable": "home-manager-unstable",
        "nixpkgs": "nixpkgs",
        "nixpkgs-unstable": "nixpkgs-unstable"
      }
    }
  },
  "root": "root",
  "version": 7
}
